
Microsoft Visual Studio Solution File, Format Version 12.00
# Visual Studio Version 17
VisualStudioVersion = 17.4.33122.133
MinimumVisualStudioVersion = 10.0.40219.1
Project("{FAE04EC0-301F-11D3-BF4B-00C04F79EFBC}") = "ClassicEncryptionAlgorithms", "ClassicEncryptionAlgorithms.csproj", "{D58FCF38-5495-4EDB-9750-AA09A8F08015}"
EndProject
Global
	GlobalSection(SolutionConfigurationPlatforms) = preSolution
		Debug|Any CPU = Debug|Any CPU
		Release|Any CPU = Release|Any CPU
	EndGlobalSection
	GlobalSection(ProjectConfigurationPlatforms) = postSolution
		{D58FCF38-5495-4EDB-9750-AA09A8F08015}.Debug|Any CPU.ActiveCfg = Debug|Any CPU
		{D58FCF38-5495-4EDB-9750-AA09A8F08015}.Debug|Any CPU.Build.0 = Debug|Any CPU
		{D58FCF38-5495-4EDB-9750-AA09A8F08015}.Release|Any CPU.ActiveCfg = Release|Any CPU
		{D58FCF38-5495-4EDB-9750-AA09A8F08015}.Release|Any CPU.Build.0 = Release|Any CPU
	EndGlobalSection
	GlobalSection(SolutionProperties) = preSolution
		HideSolutionNode = FALSE
	EndGlobalSection
	GlobalSection(ExtensibilityGlobals) = postSolution
		SolutionGuid = {2F91CB3E-2000-4DAB-AE13-5DFB1220C5D5}
	EndGlobalSection
EndGlobal
